
Microsoft Visual Studio Solution File, Format Version 12.00
# Visual Studio Version 17
VisualStudioVersion = 17.5.33516.290
MinimumVisualStudioVersion = 10.0.40219.1
Project("{8BC9CEB8-8B4A-11D0-8D11-00A0C91BC942}") = "6.5", "6.5\6.5.vcxproj", "{F58EF000-C48B-43F3-9E91-0A2DA1E3080B}"
EndProject
Global
	GlobalSection(SolutionConfigurationPlatforms) = preSolution
		Debug|x64 = Debug|x64
		Debug|x86 = Debug|x86
		Release|x64 = Release|x64
		Release|x86 = Release|x86
	EndGlobalSection
	GlobalSection(ProjectConfigurationPlatforms) = postSolution
		{F58EF000-C48B-43F3-9E91-0A2DA1E3080B}.Debug|x64.ActiveCfg = Debug|x64
		{F58EF000-C48B-43F3-9E91-0A2DA1E3080B}.Debug|x64.Build.0 = Debug|x64
		{F58EF000-C48B-43F3-9E91-0A2DA1E3080B}.Debug|x86.ActiveCfg = Debug|Win32
		{F58EF000-C48B-43F3-9E91-0A2DA1E3080B}.Debug|x86.Build.0 = Debug|Win32
		{F58EF000-C48B-43F3-9E91-0A2DA1E3080B}.Release|x64.ActiveCfg = Release|x64
		{F58EF000-C48B-43F3-9E91-0A2DA1E3080B}.Release|x64.Build.0 = Release|x64
		{F58EF000-C48B-43F3-9E91-0A2DA1E3080B}.Release|x86.ActiveCfg = Release|Win32
		{F58EF000-C48B-43F3-9E91-0A2DA1E3080B}.Release|x86.Build.0 = Release|Win32
	EndGlobalSection
	GlobalSection(SolutionProperties) = preSolution
		HideSolutionNode = FALSE
	EndGlobalSection
	GlobalSection(ExtensibilityGlobals) = postSolution
		SolutionGuid = {F14C33C9-CE12-495D-BC06-FA2782D80E11}
	EndGlobalSection
EndGlobal
