
Microsoft Visual Studio Solution File, Format Version 12.00
# Visual Studio Version 17
VisualStudioVersion = 17.5.33516.290
MinimumVisualStudioVersion = 10.0.40219.1
Project("{8BC9CEB8-8B4A-11D0-8D11-00A0C91BC942}") = "6.13", "6.13\6.13.vcxproj", "{86A63856-8187-4B15-83D8-11C03D9E931C}"
EndProject
Global
	GlobalSection(SolutionConfigurationPlatforms) = preSolution
		Debug|x64 = Debug|x64
		Debug|x86 = Debug|x86
		Release|x64 = Release|x64
		Release|x86 = Release|x86
	EndGlobalSection
	GlobalSection(ProjectConfigurationPlatforms) = postSolution
		{86A63856-8187-4B15-83D8-11C03D9E931C}.Debug|x64.ActiveCfg = Debug|x64
		{86A63856-8187-4B15-83D8-11C03D9E931C}.Debug|x64.Build.0 = Debug|x64
		{86A63856-8187-4B15-83D8-11C03D9E931C}.Debug|x86.ActiveCfg = Debug|Win32
		{86A63856-8187-4B15-83D8-11C03D9E931C}.Debug|x86.Build.0 = Debug|Win32
		{86A63856-8187-4B15-83D8-11C03D9E931C}.Release|x64.ActiveCfg = Release|x64
		{86A63856-8187-4B15-83D8-11C03D9E931C}.Release|x64.Build.0 = Release|x64
		{86A63856-8187-4B15-83D8-11C03D9E931C}.Release|x86.ActiveCfg = Release|Win32
		{86A63856-8187-4B15-83D8-11C03D9E931C}.Release|x86.Build.0 = Release|Win32
	EndGlobalSection
	GlobalSection(SolutionProperties) = preSolution
		HideSolutionNode = FALSE
	EndGlobalSection
	GlobalSection(ExtensibilityGlobals) = postSolution
		SolutionGuid = {088B9B61-010C-4B6D-A673-5FFC82FB8142}
	EndGlobalSection
EndGlobal
